// !$*UTF8*$!
{
	archiveVersion = 1;
	classes = {
	};
	objectVersion = 56;
	objects = {

/* Begin PBXBuildFile section */
		3674E52E291CAE6C00EBE962 /* Assig11-Prog01.cpp in Sources */ = {isa = PBXBuildFile; fileRef = 3674E52D291CAE6C00EBE962 /* Assig11-Prog01.cpp */; };
		3674E53B291DA84A00EBE962 /* Assig11-Prog02.cpp in Sources */ = {isa = PBXBuildFile; fileRef = 3674E53A291DA84A00EBE962 /* Assig11-Prog02.cpp */; };
		3674E546291DCD1200EBE962 /* Assig11-Prog03.cpp in Sources */ = {isa = PBXBuildFile; fileRef = 3674E545291DCD1200EBE962 /* Assig11-Prog03.cpp */; };
/* End PBXBuildFile section */

/* Begin PBXCopyFilesBuildPhase section */
		3674E528291CAE6C00EBE962 /* CopyFiles */ = {
			isa = PBXCopyFilesBuildPhase;
			buildActionMask = 2147483647;
			dstPath = /usr/share/man/man1/;
			dstSubfolderSpec = 0;
			files = (
			);
			runOnlyForDeploymentPostprocessing = 1;
		};
		3674E536291DA84A00EBE962 /* CopyFiles */ = {
			isa = PBXCopyFilesBuildPhase;
			buildActionMask = 2147483647;
			dstPath = /usr/share/man/man1/;
			dstSubfolderSpec = 0;
			files = (
			);
			runOnlyForDeploymentPostprocessing = 1;
		};
		3674E541291DCD1200EBE962 /* CopyFiles */ = {
			isa = PBXCopyFilesBuildPhase;
			buildActionMask = 2147483647;
			dstPath = /usr/share/man/man1/;
			dstSubfolderSpec = 0;
			files = (
			);
			runOnlyForDeploymentPostprocessing = 1;
		};
		3674E54C291DD24900EBE962 /* CopyFiles */ = {
			isa = PBXCopyFilesBuildPhase;
			buildActionMask = 2147483647;
			dstPath = /usr/share/man/man1/;
			dstSubfolderSpec = 0;
			files = (
			);
			runOnlyForDeploymentPostprocessing = 1;
		};
/* End PBXCopyFilesBuildPhase section */

/* Begin PBXFileReference section */
		3674E52A291CAE6C00EBE962 /* Assignment11 */ = {isa = PBXFileReference; explicitFileType = "compiled.mach-o.executable"; includeInIndex = 0; path = Assignment11; sourceTree = BUILT_PRODUCTS_DIR; };
		3674E52D291CAE6C00EBE962 /* Assig11-Prog01.cpp */ = {isa = PBXFileReference; lastKnownFileType = sourcecode.cpp.cpp; path = "Assig11-Prog01.cpp"; sourceTree = "<group>"; };
		3674E538291DA84A00EBE962 /* Assig11-Prog02 */ = {isa = PBXFileReference; explicitFileType = "compiled.mach-o.executable"; includeInIndex = 0; path = "Assig11-Prog02"; sourceTree = BUILT_PRODUCTS_DIR; };
		3674E53A291DA84A00EBE962 /* Assig11-Prog02.cpp */ = {isa = PBXFileReference; lastKnownFileType = sourcecode.cpp.cpp; path = "Assig11-Prog02.cpp"; sourceTree = "<group>"; };
		3674E543291DCD1200EBE962 /* Assig11-Prog03 */ = {isa = PBXFileReference; explicitFileType = "compiled.mach-o.executable"; includeInIndex = 0; path = "Assig11-Prog03"; sourceTree = BUILT_PRODUCTS_DIR; };
		3674E545291DCD1200EBE962 /* Assig11-Prog03.cpp */ = {isa = PBXFileReference; lastKnownFileType = sourcecode.cpp.cpp; path = "Assig11-Prog03.cpp"; sourceTree = "<group>"; };
		3674E54E291DD24900EBE962 /* eex */ = {isa = PBXFileReference; explicitFileType = "compiled.mach-o.executable"; includeInIndex = 0; path = eex; sourceTree = BUILT_PRODUCTS_DIR; };
/* End PBXFileReference section */

/* Begin PBXFrameworksBuildPhase section */
		3674E527291CAE6C00EBE962 /* Frameworks */ = {
			isa = PBXFrameworksBuildPhase;
			buildActionMask = 2147483647;
			files = (
			);
			runOnlyForDeploymentPostprocessing = 0;
		};
		3674E535291DA84A00EBE962 /* Frameworks */ = {
			isa = PBXFrameworksBuildPhase;
			buildActionMask = 2147483647;
			files = (
			);
			runOnlyForDeploymentPostprocessing = 0;
		};
		3674E540291DCD1200EBE962 /* Frameworks */ = {
			isa = PBXFrameworksBuildPhase;
			buildActionMask = 2147483647;
			files = (
			);
			runOnlyForDeploymentPostprocessing = 0;
		};
		3674E54B291DD24900EBE962 /* Frameworks */ = {
			isa = PBXFrameworksBuildPhase;
			buildActionMask = 2147483647;
			files = (
			);
			runOnlyForDeploymentPostprocessing = 0;
		};
/* End PBXFrameworksBuildPhase section */

/* Begin PBXGroup section */
		3674E521291CAE6C00EBE962 = {
			isa = PBXGroup;
			children = (
				3674E52C291CAE6C00EBE962 /* Assig11-Prog01 */,
				3674E539291DA84A00EBE962 /* Assig11-Prog02 */,
				3674E544291DCD1200EBE962 /* Assig11-Prog03 */,
				3674E52B291CAE6C00EBE962 /* Products */,
			);
			sourceTree = "<group>";
		};
		3674E52B291CAE6C00EBE962 /* Products */ = {
			isa = PBXGroup;
			children = (
				3674E52A291CAE6C00EBE962 /* Assignment11 */,
				3674E538291DA84A00EBE962 /* Assig11-Prog02 */,
				3674E543291DCD1200EBE962 /* Assig11-Prog03 */,
				3674E54E291DD24900EBE962 /* eex */,
			);
			name = Products;
			sourceTree = "<group>";
		};
		3674E52C291CAE6C00EBE962 /* Assig11-Prog01 */ = {
			isa = PBXGroup;
			children = (
				3674E52D291CAE6C00EBE962 /* Assig11-Prog01.cpp */,
			);
			path = "Assig11-Prog01";
			sourceTree = "<group>";
		};
		3674E539291DA84A00EBE962 /* Assig11-Prog02 */ = {
			isa = PBXGroup;
			children = (
				3674E53A291DA84A00EBE962 /* Assig11-Prog02.cpp */,
			);
			path = "Assig11-Prog02";
			sourceTree = "<group>";
		};
		3674E544291DCD1200EBE962 /* Assig11-Prog03 */ = {
			isa = PBXGroup;
			children = (
				3674E545291DCD1200EBE962 /* Assig11-Prog03.cpp */,
			);
			path = "Assig11-Prog03";
			sourceTree = "<group>";
		};
/* End PBXGroup section */

/* Begin PBXNativeTarget section */
		3674E529291CAE6C00EBE962 /* Assignment11 */ = {
			isa = PBXNativeTarget;
			buildConfigurationList = 3674E531291CAE6C00EBE962 /* Build configuration list for PBXNativeTarget "Assignment11" */;
			buildPhases = (
				3674E526291CAE6C00EBE962 /* Sources */,
				3674E527291CAE6C00EBE962 /* Frameworks */,
				3674E528291CAE6C00EBE962 /* CopyFiles */,
			);
			buildRules = (
			);
			dependencies = (
			);
			name = Assignment11;
			productName = Assignment11;
			productReference = 3674E52A291CAE6C00EBE962 /* Assignment11 */;
			productType = "com.apple.product-type.tool";
		};
		3674E537291DA84A00EBE962 /* Assig11-Prog02 */ = {
			isa = PBXNativeTarget;
			buildConfigurationList = 3674E53C291DA84A00EBE962 /* Build configuration list for PBXNativeTarget "Assig11-Prog02" */;
			buildPhases = (
				3674E534291DA84A00EBE962 /* Sources */,
				3674E535291DA84A00EBE962 /* Frameworks */,
				3674E536291DA84A00EBE962 /* CopyFiles */,
			);
			buildRules = (
			);
			dependencies = (
			);
			name = "Assig11-Prog02";
			productName = "Assig11-Prog02";
			productReference = 3674E538291DA84A00EBE962 /* Assig11-Prog02 */;
			productType = "com.apple.product-type.tool";
		};
		3674E542291DCD1200EBE962 /* Assig11-Prog03 */ = {
			isa = PBXNativeTarget;
			buildConfigurationList = 3674E547291DCD1200EBE962 /* Build configuration list for PBXNativeTarget "Assig11-Prog03" */;
			buildPhases = (
				3674E53F291DCD1200EBE962 /* Sources */,
				3674E540291DCD1200EBE962 /* Frameworks */,
				3674E541291DCD1200EBE962 /* CopyFiles */,
			);
			buildRules = (
			);
			dependencies = (
			);
			name = "Assig11-Prog03";
			productName = "Assig11-Prog03";
			productReference = 3674E543291DCD1200EBE962 /* Assig11-Prog03 */;
			productType = "com.apple.product-type.tool";
		};
		3674E54D291DD24900EBE962 /* eex */ = {
			isa = PBXNativeTarget;
			buildConfigurationList = 3674E552291DD24900EBE962 /* Build configuration list for PBXNativeTarget "eex" */;
			buildPhases = (
				3674E54A291DD24900EBE962 /* Sources */,
				3674E54B291DD24900EBE962 /* Frameworks */,
				3674E54C291DD24900EBE962 /* CopyFiles */,
			);
			buildRules = (
			);
			dependencies = (
			);
			name = eex;
			productName = eex;
			productReference = 3674E54E291DD24900EBE962 /* eex */;
			productType = "com.apple.product-type.tool";
		};
/* End PBXNativeTarget section */

/* Begin PBXProject section */
		3674E522291CAE6C00EBE962 /* Project object */ = {
			isa = PBXProject;
			attributes = {
				BuildIndependentTargetsInParallel = 1;
				LastUpgradeCheck = 1410;
				TargetAttributes = {
					3674E529291CAE6C00EBE962 = {
						CreatedOnToolsVersion = 14.1;
					};
					3674E537291DA84A00EBE962 = {
						CreatedOnToolsVersion = 14.1;
					};
					3674E542291DCD1200EBE962 = {
						CreatedOnToolsVersion = 14.1;
					};
					3674E54D291DD24900EBE962 = {
						CreatedOnToolsVersion = 14.1;
					};
				};
			};
			buildConfigurationList = 3674E525291CAE6C00EBE962 /* Build configuration list for PBXProject "Assignment11" */;
			compatibilityVersion = "Xcode 14.0";
			developmentRegion = en;
			hasScannedForEncodings = 0;
			knownRegions = (
				en,
				Base,
			);
			mainGroup = 3674E521291CAE6C00EBE962;
			productRefGroup = 3674E52B291CAE6C00EBE962 /* Products */;
			projectDirPath = "";
			projectRoot = "";
			targets = (
				3674E529291CAE6C00EBE962 /* Assignment11 */,
				3674E537291DA84A00EBE962 /* Assig11-Prog02 */,
				3674E542291DCD1200EBE962 /* Assig11-Prog03 */,
				3674E54D291DD24900EBE962 /* eex */,
			);
		};
/* End PBXProject section */

/* Begin PBXSourcesBuildPhase section */
		3674E526291CAE6C00EBE962 /* Sources */ = {
			isa = PBXSourcesBuildPhase;
			buildActionMask = 2147483647;
			files = (
				3674E52E291CAE6C00EBE962 /* Assig11-Prog01.cpp in Sources */,
			);
			runOnlyForDeploymentPostprocessing = 0;
		};
		3674E534291DA84A00EBE962 /* Sources */ = {
			isa = PBXSourcesBuildPhase;
			buildActionMask = 2147483647;
			files = (
				3674E53B291DA84A00EBE962 /* Assig11-Prog02.cpp in Sources */,
			);
			runOnlyForDeploymentPostprocessing = 0;
		};
		3674E53F291DCD1200EBE962 /* Sources */ = {
			isa = PBXSourcesBuildPhase;
			buildActionMask = 2147483647;
			files = (
				3674E546291DCD1200EBE962 /* Assig11-Prog03.cpp in Sources */,
			);
			runOnlyForDeploymentPostprocessing = 0;
		};
		3674E54A291DD24900EBE962 /* Sources */ = {
			isa = PBXSourcesBuildPhase;
			buildActionMask = 2147483647;
			files = (
			);
			runOnlyForDeploymentPostprocessing = 0;
		};
/* End PBXSourcesBuildPhase section */

/* Begin XCBuildConfiguration section */
		3674E52F291CAE6C00EBE962 /* Debug */ = {
			isa = XCBuildConfiguration;
			buildSettings = {
				ALWAYS_SEARCH_USER_PATHS = NO;
				CLANG_ANALYZER_NONNULL = YES;
				CLANG_ANALYZER_NUMBER_OBJECT_CONVERSION = YES_AGGRESSIVE;
				CLANG_CXX_LANGUAGE_STANDARD = "gnu++20";
				CLANG_ENABLE_MODULES = YES;
				CLANG_ENABLE_OBJC_ARC = YES;
				CLANG_ENABLE_OBJC_WEAK = YES;
				CLANG_WARN_BLOCK_CAPTURE_AUTORELEASING = YES;
				CLANG_WARN_BOOL_CONVERSION = YES;
				CLANG_WARN_COMMA = YES;
				CLANG_WARN_CONSTANT_CONVERSION = YES;
				CLANG_WARN_DEPRECATED_OBJC_IMPLEMENTATIONS = YES;
				CLANG_WARN_DIRECT_OBJC_ISA_USAGE = YES_ERROR;
				CLANG_WARN_DOCUMENTATION_COMMENTS = YES;
				CLANG_WARN_EMPTY_BODY = YES;
				CLANG_WARN_ENUM_CONVERSION = YES;
				CLANG_WARN_INFINITE_RECURSION = YES;
				CLANG_WARN_INT_CONVERSION = YES;
				CLANG_WARN_NON_LITERAL_NULL_CONVERSION = YES;
				CLANG_WARN_OBJC_IMPLICIT_RETAIN_SELF = YES;
				CLANG_WARN_OBJC_LITERAL_CONVERSION = YES;
				CLANG_WARN_OBJC_ROOT_CLASS = YES_ERROR;
				CLANG_WARN_QUOTED_INCLUDE_IN_FRAMEWORK_HEADER = YES;
				CLANG_WARN_RANGE_LOOP_ANALYSIS = YES;
				CLANG_WARN_STRICT_PROTOTYPES = YES;
				CLANG_WARN_SUSPICIOUS_MOVE = YES;
				CLANG_WARN_UNGUARDED_AVAILABILITY = YES_AGGRESSIVE;
				CLANG_WARN_UNREACHABLE_CODE = YES;
				CLANG_WARN__DUPLICATE_METHOD_MATCH = YES;
				COPY_PHASE_STRIP = NO;
				DEBUG_INFORMATION_FORMAT = dwarf;
				ENABLE_STRICT_OBJC_MSGSEND = YES;
				ENABLE_TESTABILITY = YES;
				GCC_C_LANGUAGE_STANDARD = gnu11;
				GCC_DYNAMIC_NO_PIC = NO;
				GCC_NO_COMMON_BLOCKS = YES;
				GCC_OPTIMIZATION_LEVEL = 0;
				GCC_PREPROCESSOR_DEFINITIONS = (
					"DEBUG=1",
					"$(inherited)",
				);
				GCC_WARN_64_TO_32_BIT_CONVERSION = YES;
				GCC_WARN_ABOUT_RETURN_TYPE = YES_ERROR;
				GCC_WARN_UNDECLARED_SELECTOR = YES;
				GCC_WARN_UNINITIALIZED_AUTOS = YES_AGGRESSIVE;
				GCC_WARN_UNUSED_FUNCTION = YES;
				GCC_WARN_UNUSED_VARIABLE = YES;
				MACOSX_DEPLOYMENT_TARGET = 12.6;
				MTL_ENABLE_DEBUG_INFO = INCLUDE_SOURCE;
				MTL_FAST_MATH = YES;
				ONLY_ACTIVE_ARCH = YES;
				SDKROOT = macosx;
			};
			name = Debug;
		};
		3674E530291CAE6C00EBE962 /* Release */ = {
			isa = XCBuildConfiguration;
			buildSettings = {
				ALWAYS_SEARCH_USER_PATHS = NO;
				CLANG_ANALYZER_NONNULL = YES;
				CLANG_ANALYZER_NUMBER_OBJECT_CONVERSION = YES_AGGRESSIVE;
				CLANG_CXX_LANGUAGE_STANDARD = "gnu++20";
				CLANG_ENABLE_MODULES = YES;
				CLANG_ENABLE_OBJC_ARC = YES;
				CLANG_ENABLE_OBJC_WEAK = YES;
				CLANG_WARN_BLOCK_CAPTURE_AUTORELEASING = YES;
				CLANG_WARN_BOOL_CONVERSION = YES;
				CLANG_WARN_COMMA = YES;
				CLANG_WARN_CONSTANT_CONVERSION = YES;
				CLANG_WARN_DEPRECATED_OBJC_IMPLEMENTATIONS = YES;
				CLANG_WARN_DIRECT_OBJC_ISA_USAGE = YES_ERROR;
				CLANG_WARN_DOCUMENTATION_COMMENTS = YES;
				CLANG_WARN_EMPTY_BODY = YES;
				CLANG_WARN_ENUM_CONVERSION = YES;
				CLANG_WARN_INFINITE_RECURSION = YES;
				CLANG_WARN_INT_CONVERSION = YES;
				CLANG_WARN_NON_LITERAL_NULL_CONVERSION = YES;
				CLANG_WARN_OBJC_IMPLICIT_RETAIN_SELF = YES;
				CLANG_WARN_OBJC_LITERAL_CONVERSION = YES;
				CLANG_WARN_OBJC_ROOT_CLASS = YES_ERROR;
				CLANG_WARN_QUOTED_INCLUDE_IN_FRAMEWORK_HEADER = YES;
				CLANG_WARN_RANGE_LOOP_ANALYSIS = YES;
				CLANG_WARN_STRICT_PROTOTYPES = YES;
				CLANG_WARN_SUSPICIOUS_MOVE = YES;
				CLANG_WARN_UNGUARDED_AVAILABILITY = YES_AGGRESSIVE;
				CLANG_WARN_UNREACHABLE_CODE = YES;
				CLANG_WARN__DUPLICATE_METHOD_MATCH = YES;
				COPY_PHASE_STRIP = NO;
				DEBUG_INFORMATION_FORMAT = "dwarf-with-dsym";
				ENABLE_NS_ASSERTIONS = NO;
				ENABLE_STRICT_OBJC_MSGSEND = YES;
				GCC_C_LANGUAGE_STANDARD = gnu11;
				GCC_NO_COMMON_BLOCKS = YES;
				GCC_WARN_64_TO_32_BIT_CONVERSION = YES;
				GCC_WARN_ABOUT_RETURN_TYPE = YES_ERROR;
				GCC_WARN_UNDECLARED_SELECTOR = YES;
				GCC_WARN_UNINITIALIZED_AUTOS = YES_AGGRESSIVE;
				GCC_WARN_UNUSED_FUNCTION = YES;
				GCC_WARN_UNUSED_VARIABLE = YES;
				MACOSX_DEPLOYMENT_TARGET = 12.6;
				MTL_ENABLE_DEBUG_INFO = NO;
				MTL_FAST_MATH = YES;
				SDKROOT = macosx;
			};
			name = Release;
		};
		3674E532291CAE6C00EBE962 /* Debug */ = {
			isa = XCBuildConfiguration;
			buildSettings = {
				CODE_SIGN_STYLE = Automatic;
				PRODUCT_NAME = "$(TARGET_NAME)";
			};
			name = Debug;
		};
		3674E533291CAE6C00EBE962 /* Release */ = {
			isa = XCBuildConfiguration;
			buildSettings = {
				CODE_SIGN_STYLE = Automatic;
				PRODUCT_NAME = "$(TARGET_NAME)";
			};
			name = Release;
		};
		3674E53D291DA84A00EBE962 /* Debug */ = {
			isa = XCBuildConfiguration;
			buildSettings = {
				CODE_SIGN_STYLE = Automatic;
				PRODUCT_NAME = "$(TARGET_NAME)";
			};
			name = Debug;
		};
		3674E53E291DA84A00EBE962 /* Release */ = {
			isa = XCBuildConfiguration;
			buildSettings = {
				CODE_SIGN_STYLE = Automatic;
				PRODUCT_NAME = "$(TARGET_NAME)";
			};
			name = Release;
		};
		3674E548291DCD1200EBE962 /* Debug */ = {
			isa = XCBuildConfiguration;
			buildSettings = {
				CODE_SIGN_STYLE = Automatic;
				PRODUCT_NAME = "$(TARGET_NAME)";
			};
			name = Debug;
		};
		3674E549291DCD1200EBE962 /* Release */ = {
			isa = XCBuildConfiguration;
			buildSettings = {
				CODE_SIGN_STYLE = Automatic;
				PRODUCT_NAME = "$(TARGET_NAME)";
			};
			name = Release;
		};
		3674E553291DD24900EBE962 /* Debug */ = {
			isa = XCBuildConfiguration;
			buildSettings = {
				CODE_SIGN_STYLE = Automatic;
				PRODUCT_NAME = "$(TARGET_NAME)";
			};
			name = Debug;
		};
		3674E554291DD24900EBE962 /* Release */ = {
			isa = XCBuildConfiguration;
			buildSettings = {
				CODE_SIGN_STYLE = Automatic;
				PRODUCT_NAME = "$(TARGET_NAME)";
			};
			name = Release;
		};
/* End XCBuildConfiguration section */

/* Begin XCConfigurationList section */
		3674E525291CAE6C00EBE962 /* Build configuration list for PBXProject "Assignment11" */ = {
			isa = XCConfigurationList;
			buildConfigurations = (
				3674E52F291CAE6C00EBE962 /* Debug */,
				3674E530291CAE6C00EBE962 /* Release */,
			);
			defaultConfigurationIsVisible = 0;
			defaultConfigurationName = Release;
		};
		3674E531291CAE6C00EBE962 /* Build configuration list for PBXNativeTarget "Assignment11" */ = {
			isa = XCConfigurationList;
			buildConfigurations = (
				3674E532291CAE6C00EBE962 /* Debug */,
				3674E533291CAE6C00EBE962 /* Release */,
			);
			defaultConfigurationIsVisible = 0;
			defaultConfigurationName = Release;
		};
		3674E53C291DA84A00EBE962 /* Build configuration list for PBXNativeTarget "Assig11-Prog02" */ = {
			isa = XCConfigurationList;
			buildConfigurations = (
				3674E53D291DA84A00EBE962 /* Debug */,
				3674E53E291DA84A00EBE962 /* Release */,
			);
			defaultConfigurationIsVisible = 0;
			defaultConfigurationName = Release;
		};
		3674E547291DCD1200EBE962 /* Build configuration list for PBXNativeTarget "Assig11-Prog03" */ = {
			isa = XCConfigurationList;
			buildConfigurations = (
				3674E548291DCD1200EBE962 /* Debug */,
				3674E549291DCD1200EBE962 /* Release */,
			);
			defaultConfigurationIsVisible = 0;
			defaultConfigurationName = Release;
		};
		3674E552291DD24900EBE962 /* Build configuration list for PBXNativeTarget "eex" */ = {
			isa = XCConfigurationList;
			buildConfigurations = (
				3674E553291DD24900EBE962 /* Debug */,
				3674E554291DD24900EBE962 /* Release */,
			);
			defaultConfigurationIsVisible = 0;
			defaultConfigurationName = Release;
		};
/* End XCConfigurationList section */
	};
	rootObject = 3674E522291CAE6C00EBE962 /* Project object */;
}
